// !$*UTF8*$!
{
	archiveVersion = 1;
	classes = {
	};
	objectVersion = 51;
	objects = {

/* Begin PBXBuildFile section */
		4AA5B746B5B984548BFA7C16 /* Pods_FirebaseLesson2Iram.framework in Frameworks */ = {isa = PBXBuildFile; fileRef = 2649CA52D16CD1A8BDB65FAE /* Pods_FirebaseLesson2Iram.framework */; };
		73FA56C8492E8886D1D77AEA /* Pods_FirebaseLesson2IramTests.framework in Frameworks */ = {isa = PBXBuildFile; fileRef = A097224A876F69E2D9717AE0 /* Pods_FirebaseLesson2IramTests.framework */; };
		8100AE1F2379B19500DE1F45 /* GoogleService-Info.plist in Resources */ = {isa = PBXBuildFile; fileRef = 8100AE1E2379B19500DE1F45 /* GoogleService-Info.plist */; };
		8100AE212379B5FB00DE1F45 /* FirebaseAuthService.swift in Sources */ = {isa = PBXBuildFile; fileRef = 8100AE202379B5FB00DE1F45 /* FirebaseAuthService.swift */; };
		8100AE242379BF4D00DE1F45 /* AppUser.swift in Sources */ = {isa = PBXBuildFile; fileRef = 8100AE232379BF4D00DE1F45 /* AppUser.swift */; };
		8100AE272379C29B00DE1F45 /* FirestoreService.swift in Sources */ = {isa = PBXBuildFile; fileRef = 8100AE262379C29B00DE1F45 /* FirestoreService.swift */; };
		8100AE292379C62200DE1F45 /* MainTabVC.swift in Sources */ = {isa = PBXBuildFile; fileRef = 8100AE282379C62200DE1F45 /* MainTabVC.swift */; };
		817972EA2375CFC9002404A6 /* SignUpVC.swift in Sources */ = {isa = PBXBuildFile; fileRef = 817972E92375CFC9002404A6 /* SignUpVC.swift */; };
		8179734623771803002404A6 /* PostsVC.swift in Sources */ = {isa = PBXBuildFile; fileRef = 8179734523771803002404A6 /* PostsVC.swift */; };
		8179734823771A74002404A6 /* CreatePostVC.swift in Sources */ = {isa = PBXBuildFile; fileRef = 8179734723771A74002404A6 /* CreatePostVC.swift */; };
		81797A9923747E520043DCD4 /* AppDelegate.swift in Sources */ = {isa = PBXBuildFile; fileRef = 81797A9823747E520043DCD4 /* AppDelegate.swift */; };
		81797A9B23747E520043DCD4 /* SceneDelegate.swift in Sources */ = {isa = PBXBuildFile; fileRef = 81797A9A23747E520043DCD4 /* SceneDelegate.swift */; };
		81797AA223747E530043DCD4 /* Assets.xcassets in Resources */ = {isa = PBXBuildFile; fileRef = 81797AA123747E530043DCD4 /* Assets.xcassets */; };
		81797AA523747E530043DCD4 /* LaunchScreen.storyboard in Resources */ = {isa = PBXBuildFile; fileRef = 81797AA323747E530043DCD4 /* LaunchScreen.storyboard */; };
		81797AB023747E530043DCD4 /* FirebaseLesson2IramTests.swift in Sources */ = {isa = PBXBuildFile; fileRef = 81797AAF23747E530043DCD4 /* FirebaseLesson2IramTests.swift */; };
		81797ABB237482660043DCD4 /* LoginVC.swift in Sources */ = {isa = PBXBuildFile; fileRef = 81797ABA237482660043DCD4 /* LoginVC.swift */; };
/* End PBXBuildFile section */

/* Begin PBXContainerItemProxy section */
		81797AAC23747E530043DCD4 /* PBXContainerItemProxy */ = {
			isa = PBXContainerItemProxy;
			containerPortal = 81797A8D23747E510043DCD4 /* Project object */;
			proxyType = 1;
			remoteGlobalIDString = 81797A9423747E510043DCD4;
			remoteInfo = FirebaseLesson2Iram;
		};
/* End PBXContainerItemProxy section */

/* Begin PBXFileReference section */
		2649CA52D16CD1A8BDB65FAE /* Pods_FirebaseLesson2Iram.framework */ = {isa = PBXFileReference; explicitFileType = wrapper.framework; includeInIndex = 0; path = Pods_FirebaseLesson2Iram.framework; sourceTree = BUILT_PRODUCTS_DIR; };
		7871A4AE8AAFD4C910AC1FA5 /* Pods-FirebaseLesson2IramTests.release.xcconfig */ = {isa = PBXFileReference; includeInIndex = 1; lastKnownFileType = text.xcconfig; name = "Pods-FirebaseLesson2IramTests.release.xcconfig"; path = "Target Support Files/Pods-FirebaseLesson2IramTests/Pods-FirebaseLesson2IramTests.release.xcconfig"; sourceTree = "<group>"; };
		8100AE1E2379B19500DE1F45 /* GoogleService-Info.plist */ = {isa = PBXFileReference; fileEncoding = 4; lastKnownFileType = text.plist.xml; path = "GoogleService-Info.plist"; sourceTree = "<group>"; };
		8100AE202379B5FB00DE1F45 /* FirebaseAuthService.swift */ = {isa = PBXFileReference; lastKnownFileType = sourcecode.swift; path = FirebaseAuthService.swift; sourceTree = "<group>"; };
		8100AE232379BF4D00DE1F45 /* AppUser.swift */ = {isa = PBXFileReference; lastKnownFileType = sourcecode.swift; path = AppUser.swift; sourceTree = "<group>"; };
		8100AE262379C29B00DE1F45 /* FirestoreService.swift */ = {isa = PBXFileReference; lastKnownFileType = sourcecode.swift; path = FirestoreService.swift; sourceTree = "<group>"; };
		8100AE282379C62200DE1F45 /* MainTabVC.swift */ = {isa = PBXFileReference; lastKnownFileType = sourcecode.swift; path = MainTabVC.swift; sourceTree = "<group>"; };
		817972E92375CFC9002404A6 /* SignUpVC.swift */ = {isa = PBXFileReference; lastKnownFileType = sourcecode.swift; path = SignUpVC.swift; sourceTree = "<group>"; };
		8179734523771803002404A6 /* PostsVC.swift */ = {isa = PBXFileReference; lastKnownFileType = sourcecode.swift; path = PostsVC.swift; sourceTree = "<group>"; };
		8179734723771A74002404A6 /* CreatePostVC.swift */ = {isa = PBXFileReference; lastKnownFileType = sourcecode.swift; path = CreatePostVC.swift; sourceTree = "<group>"; };
		81797A9523747E510043DCD4 /* FirebaseLesson2Iram.app */ = {isa = PBXFileReference; explicitFileType = wrapper.application; includeInIndex = 0; path = FirebaseLesson2Iram.app; sourceTree = BUILT_PRODUCTS_DIR; };
		81797A9823747E520043DCD4 /* AppDelegate.swift */ = {isa = PBXFileReference; lastKnownFileType = sourcecode.swift; path = AppDelegate.swift; sourceTree = "<group>"; };
		81797A9A23747E520043DCD4 /* SceneDelegate.swift */ = {isa = PBXFileReference; lastKnownFileType = sourcecode.swift; path = SceneDelegate.swift; sourceTree = "<group>"; };
		81797AA123747E530043DCD4 /* Assets.xcassets */ = {isa = PBXFileReference; lastKnownFileType = folder.assetcatalog; path = Assets.xcassets; sourceTree = "<group>"; };
		81797AA423747E530043DCD4 /* Base */ = {isa = PBXFileReference; lastKnownFileType = file.storyboard; name = Base; path = Base.lproj/LaunchScreen.storyboard; sourceTree = "<group>"; };
		81797AA623747E530043DCD4 /* Info.plist */ = {isa = PBXFileReference; lastKnownFileType = text.plist.xml; path = Info.plist; sourceTree = "<group>"; };
		81797AAB23747E530043DCD4 /* FirebaseLesson2IramTests.xctest */ = {isa = PBXFileReference; explicitFileType = wrapper.cfbundle; includeInIndex = 0; path = FirebaseLesson2IramTests.xctest; sourceTree = BUILT_PRODUCTS_DIR; };
		81797AAF23747E530043DCD4 /* FirebaseLesson2IramTests.swift */ = {isa = PBXFileReference; lastKnownFileType = sourcecode.swift; path = FirebaseLesson2IramTests.swift; sourceTree = "<group>"; };
		81797AB123747E530043DCD4 /* Info.plist */ = {isa = PBXFileReference; lastKnownFileType = text.plist.xml; path = Info.plist; sourceTree = "<group>"; };
		81797ABA237482660043DCD4 /* LoginVC.swift */ = {isa = PBXFileReference; lastKnownFileType = sourcecode.swift; path = LoginVC.swift; sourceTree = "<group>"; };
		A097224A876F69E2D9717AE0 /* Pods_FirebaseLesson2IramTests.framework */ = {isa = PBXFileReference; explicitFileType = wrapper.framework; includeInIndex = 0; path = Pods_FirebaseLesson2IramTests.framework; sourceTree = BUILT_PRODUCTS_DIR; };
		A6A9ADFA75BD193C5FB93F3B /* Pods-FirebaseLesson2IramTests.debug.xcconfig */ = {isa = PBXFileReference; includeInIndex = 1; lastKnownFileType = text.xcconfig; name = "Pods-FirebaseLesson2IramTests.debug.xcconfig"; path = "Target Support Files/Pods-FirebaseLesson2IramTests/Pods-FirebaseLesson2IramTests.debug.xcconfig"; sourceTree = "<group>"; };
		BE16759D71A92405DACB094C /* Pods-FirebaseLesson2Iram.release.xcconfig */ = {isa = PBXFileReference; includeInIndex = 1; lastKnownFileType = text.xcconfig; name = "Pods-FirebaseLesson2Iram.release.xcconfig"; path = "Target Support Files/Pods-FirebaseLesson2Iram/Pods-FirebaseLesson2Iram.release.xcconfig"; sourceTree = "<group>"; };
		D3EB8C601AC130DFB2FFFDC7 /* Pods-FirebaseLesson2Iram.debug.xcconfig */ = {isa = PBXFileReference; includeInIndex = 1; lastKnownFileType = text.xcconfig; name = "Pods-FirebaseLesson2Iram.debug.xcconfig"; path = "Target Support Files/Pods-FirebaseLesson2Iram/Pods-FirebaseLesson2Iram.debug.xcconfig"; sourceTree = "<group>"; };
/* End PBXFileReference section */

/* Begin PBXFrameworksBuildPhase section */
		81797A9223747E510043DCD4 /* Frameworks */ = {
			isa = PBXFrameworksBuildPhase;
			buildActionMask = 2147483647;
			files = (
				4AA5B746B5B984548BFA7C16 /* Pods_FirebaseLesson2Iram.framework in Frameworks */,
			);
			runOnlyForDeploymentPostprocessing = 0;
		};
		81797AA823747E530043DCD4 /* Frameworks */ = {
			isa = PBXFrameworksBuildPhase;
			buildActionMask = 2147483647;
			files = (
				73FA56C8492E8886D1D77AEA /* Pods_FirebaseLesson2IramTests.framework in Frameworks */,
			);
			runOnlyForDeploymentPostprocessing = 0;
		};
/* End PBXFrameworksBuildPhase section */

/* Begin PBXGroup section */
		26C3EED49BFF049926392EEA /* Pods */ = {
			isa = PBXGroup;
			children = (
				D3EB8C601AC130DFB2FFFDC7 /* Pods-FirebaseLesson2Iram.debug.xcconfig */,
				BE16759D71A92405DACB094C /* Pods-FirebaseLesson2Iram.release.xcconfig */,
				A6A9ADFA75BD193C5FB93F3B /* Pods-FirebaseLesson2IramTests.debug.xcconfig */,
				7871A4AE8AAFD4C910AC1FA5 /* Pods-FirebaseLesson2IramTests.release.xcconfig */,
			);
			path = Pods;
			sourceTree = "<group>";
		};
		64853DF8334EE0D02D8C64F6 /* Frameworks */ = {
			isa = PBXGroup;
			children = (
				2649CA52D16CD1A8BDB65FAE /* Pods_FirebaseLesson2Iram.framework */,
				A097224A876F69E2D9717AE0 /* Pods_FirebaseLesson2IramTests.framework */,
			);
			name = Frameworks;
			sourceTree = "<group>";
		};
		8100AE222379BF2E00DE1F45 /* Models */ = {
			isa = PBXGroup;
			children = (
				8100AE232379BF4D00DE1F45 /* AppUser.swift */,
			);
			path = Models;
			sourceTree = "<group>";
		};
		8100AE252379C25F00DE1F45 /* FirebaseManagers */ = {
			isa = PBXGroup;
			children = (
				8100AE202379B5FB00DE1F45 /* FirebaseAuthService.swift */,
				8100AE262379C29B00DE1F45 /* FirestoreService.swift */,
			);
			path = FirebaseManagers;
			sourceTree = "<group>";
		};
		814E81862378A7E20046DAAD /* Controller */ = {
			isa = PBXGroup;
			children = (
				81797ABA237482660043DCD4 /* LoginVC.swift */,
				817972E92375CFC9002404A6 /* SignUpVC.swift */,
				8179734523771803002404A6 /* PostsVC.swift */,
				8179734723771A74002404A6 /* CreatePostVC.swift */,
				8100AE282379C62200DE1F45 /* MainTabVC.swift */,
			);
			path = Controller;
			sourceTree = "<group>";
		};
		81797A8C23747E510043DCD4 = {
			isa = PBXGroup;
			children = (
				81797A9723747E510043DCD4 /* FirebaseLesson2Iram */,
				81797AAE23747E530043DCD4 /* FirebaseLesson2IramTests */,
				81797A9623747E510043DCD4 /* Products */,
				26C3EED49BFF049926392EEA /* Pods */,
				64853DF8334EE0D02D8C64F6 /* Frameworks */,
			);
			sourceTree = "<group>";
		};
		81797A9623747E510043DCD4 /* Products */ = {
			isa = PBXGroup;
			children = (
				81797A9523747E510043DCD4 /* FirebaseLesson2Iram.app */,
				81797AAB23747E530043DCD4 /* FirebaseLesson2IramTests.xctest */,
			);
			name = Products;
			sourceTree = "<group>";
		};
		81797A9723747E510043DCD4 /* FirebaseLesson2Iram */ = {
			isa = PBXGroup;
			children = (
				8100AE222379BF2E00DE1F45 /* Models */,
				81797A9823747E520043DCD4 /* AppDelegate.swift */,
				8100AE1E2379B19500DE1F45 /* GoogleService-Info.plist */,
				81797A9A23747E520043DCD4 /* SceneDelegate.swift */,
				81797AA123747E530043DCD4 /* Assets.xcassets */,
				81797AA323747E530043DCD4 /* LaunchScreen.storyboard */,
				81797AA623747E530043DCD4 /* Info.plist */,
				814E81862378A7E20046DAAD /* Controller */,
				8100AE252379C25F00DE1F45 /* FirebaseManagers */,
			);
			path = FirebaseLesson2Iram;
			sourceTree = "<group>";
		};
		81797AAE23747E530043DCD4 /* FirebaseLesson2IramTests */ = {
			isa = PBXGroup;
			children = (
				81797AAF23747E530043DCD4 /* FirebaseLesson2IramTests.swift */,
				81797AB123747E530043DCD4 /* Info.plist */,
			);
			path = FirebaseLesson2IramTests;
			sourceTree = "<group>";
		};
/* End PBXGroup section */

/* Begin PBXNativeTarget section */
		81797A9423747E510043DCD4 /* FirebaseLesson2Iram */ = {
			isa = PBXNativeTarget;
			buildConfigurationList = 81797AB423747E530043DCD4 /* Build configuration list for PBXNativeTarget "FirebaseLesson2Iram" */;
			buildPhases = (
				6C2F39A2B149D48331B0E058 /* [CP] Check Pods Manifest.lock */,
				81797A9123747E510043DCD4 /* Sources */,
				81797A9223747E510043DCD4 /* Frameworks */,
				81797A9323747E510043DCD4 /* Resources */,
				A669F7912B79FDE619E41AE6 /* [CP] Embed Pods Frameworks */,
			);
			buildRules = (
			);
			dependencies = (
			);
			name = FirebaseLesson2Iram;
			productName = FirebaseLesson2Iram;
			productReference = 81797A9523747E510043DCD4 /* FirebaseLesson2Iram.app */;
			productType = "com.apple.product-type.application";
		};
		81797AAA23747E530043DCD4 /* FirebaseLesson2IramTests */ = {
			isa = PBXNativeTarget;
			buildConfigurationList = 81797AB723747E530043DCD4 /* Build configuration list for PBXNativeTarget "FirebaseLesson2IramTests" */;
			buildPhases = (
				7DCF37B5470AF9663EC2C2DA /* [CP] Check Pods Manifest.lock */,
				81797AA723747E530043DCD4 /* Sources */,
				81797AA823747E530043DCD4 /* Frameworks */,
				81797AA923747E530043DCD4 /* Resources */,
			);
			buildRules = (
			);
			dependencies = (
				81797AAD23747E530043DCD4 /* PBXTargetDependency */,
			);
			name = FirebaseLesson2IramTests;
			productName = FirebaseLesson2IramTests;
			productReference = 81797AAB23747E530043DCD4 /* FirebaseLesson2IramTests.xctest */;
			productType = "com.apple.product-type.bundle.unit-test";
		};
/* End PBXNativeTarget section */

/* Begin PBXProject section */
		81797A8D23747E510043DCD4 /* Project object */ = {
			isa = PBXProject;
			attributes = {
				LastSwiftUpdateCheck = 1100;
				LastUpgradeCheck = 1100;
				ORGANIZATIONNAME = "Iram Fattah";
				TargetAttributes = {
					81797A9423747E510043DCD4 = {
						CreatedOnToolsVersion = 11.0;
					};
					81797AAA23747E530043DCD4 = {
						CreatedOnToolsVersion = 11.0;
						TestTargetID = 81797A9423747E510043DCD4;
					};
				};
			};
			buildConfigurationList = 81797A9023747E510043DCD4 /* Build configuration list for PBXProject "FirebaseLesson2Iram" */;
			compatibilityVersion = "Xcode 9.3";
			developmentRegion = en;
			hasScannedForEncodings = 0;
			knownRegions = (
				en,
				Base,
			);
			mainGroup = 81797A8C23747E510043DCD4;
			productRefGroup = 81797A9623747E510043DCD4 /* Products */;
			projectDirPath = "";
			projectRoot = "";
			targets = (
				81797A9423747E510043DCD4 /* FirebaseLesson2Iram */,
				81797AAA23747E530043DCD4 /* FirebaseLesson2IramTests */,
			);
		};
/* End PBXProject section */

/* Begin PBXResourcesBuildPhase section */
		81797A9323747E510043DCD4 /* Resources */ = {
			isa = PBXResourcesBuildPhase;
			buildActionMask = 2147483647;
			files = (
				81797AA523747E530043DCD4 /* LaunchScreen.storyboard in Resources */,
				81797AA223747E530043DCD4 /* Assets.xcassets in Resources */,
				8100AE1F2379B19500DE1F45 /* GoogleService-Info.plist in Resources */,
			);
			runOnlyForDeploymentPostprocessing = 0;
		};
		81797AA923747E530043DCD4 /* Resources */ = {
			isa = PBXResourcesBuildPhase;
			buildActionMask = 2147483647;
			files = (
			);
			runOnlyForDeploymentPostprocessing = 0;
		};
/* End PBXResourcesBuildPhase section */

/* Begin PBXShellScriptBuildPhase section */
		6C2F39A2B149D48331B0E058 /* [CP] Check Pods Manifest.lock */ = {
			isa = PBXShellScriptBuildPhase;
			buildActionMask = 2147483647;
			files = (
			);
			inputFileListPaths = (
			);
			inputPaths = (
				"${PODS_PODFILE_DIR_PATH}/Podfile.lock",
				"${PODS_ROOT}/Manifest.lock",
			);
			name = "[CP] Check Pods Manifest.lock";
			outputFileListPaths = (
			);
			outputPaths = (
				"$(DERIVED_FILE_DIR)/Pods-FirebaseLesson2Iram-checkManifestLockResult.txt",
			);
			runOnlyForDeploymentPostprocessing = 0;
			shellPath = /bin/sh;
			shellScript = "diff \"${PODS_PODFILE_DIR_PATH}/Podfile.lock\" \"${PODS_ROOT}/Manifest.lock\" > /dev/null\nif [ $? != 0 ] ; then\n    # print error to STDERR\n    echo \"error: The sandbox is not in sync with the Podfile.lock. Run 'pod install' or update your CocoaPods installation.\" >&2\n    exit 1\nfi\n# This output is used by Xcode 'outputs' to avoid re-running this script phase.\necho \"SUCCESS\" > \"${SCRIPT_OUTPUT_FILE_0}\"\n";
			showEnvVarsInLog = 0;
		};
		7DCF37B5470AF9663EC2C2DA /* [CP] Check Pods Manifest.lock */ = {
			isa = PBXShellScriptBuildPhase;
			buildActionMask = 2147483647;
			files = (
			);
			inputFileListPaths = (
			);
			inputPaths = (
				"${PODS_PODFILE_DIR_PATH}/Podfile.lock",
				"${PODS_ROOT}/Manifest.lock",
			);
			name = "[CP] Check Pods Manifest.lock";
			outputFileListPaths = (
			);
			outputPaths = (
				"$(DERIVED_FILE_DIR)/Pods-FirebaseLesson2IramTests-checkManifestLockResult.txt",
			);
			runOnlyForDeploymentPostprocessing = 0;
			shellPath = /bin/sh;
			shellScript = "diff \"${PODS_PODFILE_DIR_PATH}/Podfile.lock\" \"${PODS_ROOT}/Manifest.lock\" > /dev/null\nif [ $? != 0 ] ; then\n    # print error to STDERR\n    echo \"error: The sandbox is not in sync with the Podfile.lock. Run 'pod install' or update your CocoaPods installation.\" >&2\n    exit 1\nfi\n# This output is used by Xcode 'outputs' to avoid re-running this script phase.\necho \"SUCCESS\" > \"${SCRIPT_OUTPUT_FILE_0}\"\n";
			showEnvVarsInLog = 0;
		};
		A669F7912B79FDE619E41AE6 /* [CP] Embed Pods Frameworks */ = {
			isa = PBXShellScriptBuildPhase;
			buildActionMask = 2147483647;
			files = (
			);
			inputFileListPaths = (
				"${PODS_ROOT}/Target Support Files/Pods-FirebaseLesson2Iram/Pods-FirebaseLesson2Iram-frameworks-${CONFIGURATION}-input-files.xcfilelist",
			);
			name = "[CP] Embed Pods Frameworks";
			outputFileListPaths = (
				"${PODS_ROOT}/Target Support Files/Pods-FirebaseLesson2Iram/Pods-FirebaseLesson2Iram-frameworks-${CONFIGURATION}-output-files.xcfilelist",
			);
			runOnlyForDeploymentPostprocessing = 0;
			shellPath = /bin/sh;
			shellScript = "\"${PODS_ROOT}/Target Support Files/Pods-FirebaseLesson2Iram/Pods-FirebaseLesson2Iram-frameworks.sh\"\n";
			showEnvVarsInLog = 0;
		};
/* End PBXShellScriptBuildPhase section */

/* Begin PBXSourcesBuildPhase section */
		81797A9123747E510043DCD4 /* Sources */ = {
			isa = PBXSourcesBuildPhase;
			buildActionMask = 2147483647;
			files = (
				8100AE242379BF4D00DE1F45 /* AppUser.swift in Sources */,
				817972EA2375CFC9002404A6 /* SignUpVC.swift in Sources */,
				81797A9923747E520043DCD4 /* AppDelegate.swift in Sources */,
				8100AE292379C62200DE1F45 /* MainTabVC.swift in Sources */,
				8179734823771A74002404A6 /* CreatePostVC.swift in Sources */,
				81797A9B23747E520043DCD4 /* SceneDelegate.swift in Sources */,
				8179734623771803002404A6 /* PostsVC.swift in Sources */,
				81797ABB237482660043DCD4 /* LoginVC.swift in Sources */,
				8100AE272379C29B00DE1F45 /* FirestoreService.swift in Sources */,
				8100AE212379B5FB00DE1F45 /* FirebaseAuthService.swift in Sources */,
			);
			runOnlyForDeploymentPostprocessing = 0;
		};
		81797AA723747E530043DCD4 /* Sources */ = {
			isa = PBXSourcesBuildPhase;
			buildActionMask = 2147483647;
			files = (
				81797AB023747E530043DCD4 /* FirebaseLesson2IramTests.swift in Sources */,
			);
			runOnlyForDeploymentPostprocessing = 0;
		};
/* End PBXSourcesBuildPhase section */

/* Begin PBXTargetDependency section */
		81797AAD23747E530043DCD4 /* PBXTargetDependency */ = {
			isa = PBXTargetDependency;
			target = 81797A9423747E510043DCD4 /* FirebaseLesson2Iram */;
			targetProxy = 81797AAC23747E530043DCD4 /* PBXContainerItemProxy */;
		};
/* End PBXTargetDependency section */

/* Begin PBXVariantGroup section */
		81797AA323747E530043DCD4 /* LaunchScreen.storyboard */ = {
			isa = PBXVariantGroup;
			children = (
				81797AA423747E530043DCD4 /* Base */,
			);
			name = LaunchScreen.storyboard;
			sourceTree = "<group>";
		};
/* End PBXVariantGroup section */

/* Begin XCBuildConfiguration section */
		81797AB223747E530043DCD4 /* Debug */ = {
			isa = XCBuildConfiguration;
			buildSettings = {
				ALWAYS_SEARCH_USER_PATHS = NO;
				CLANG_ANALYZER_NONNULL = YES;
				CLANG_ANALYZER_NUMBER_OBJECT_CONVERSION = YES_AGGRESSIVE;
				CLANG_CXX_LANGUAGE_STANDARD = "gnu++14";
				CLANG_CXX_LIBRARY = "libc++";
				CLANG_ENABLE_MODULES = YES;
				CLANG_ENABLE_OBJC_ARC = YES;
				CLANG_ENABLE_OBJC_WEAK = YES;
				CLANG_WARN_BLOCK_CAPTURE_AUTORELEASING = YES;
				CLANG_WARN_BOOL_CONVERSION = YES;
				CLANG_WARN_COMMA = YES;
				CLANG_WARN_CONSTANT_CONVERSION = YES;
				CLANG_WARN_DEPRECATED_OBJC_IMPLEMENTATIONS = YES;
				CLANG_WARN_DIRECT_OBJC_ISA_USAGE = YES_ERROR;
				CLANG_WARN_DOCUMENTATION_COMMENTS = YES;
				CLANG_WARN_EMPTY_BODY = YES;
				CLANG_WARN_ENUM_CONVERSION = YES;
				CLANG_WARN_INFINITE_RECURSION = YES;
				CLANG_WARN_INT_CONVERSION = YES;
				CLANG_WARN_NON_LITERAL_NULL_CONVERSION = YES;
				CLANG_WARN_OBJC_IMPLICIT_RETAIN_SELF = YES;
				CLANG_WARN_OBJC_LITERAL_CONVERSION = YES;
				CLANG_WARN_OBJC_ROOT_CLASS = YES_ERROR;
				CLANG_WARN_RANGE_LOOP_ANALYSIS = YES;
				CLANG_WARN_STRICT_PROTOTYPES = YES;
				CLANG_WARN_SUSPICIOUS_MOVE = YES;
				CLANG_WARN_UNGUARDED_AVAILABILITY = YES_AGGRESSIVE;
				CLANG_WARN_UNREACHABLE_CODE = YES;
				CLANG_WARN__DUPLICATE_METHOD_MATCH = YES;
				COPY_PHASE_STRIP = NO;
				DEBUG_INFORMATION_FORMAT = dwarf;
				ENABLE_STRICT_OBJC_MSGSEND = YES;
				ENABLE_TESTABILITY = YES;
				GCC_C_LANGUAGE_STANDARD = gnu11;
				GCC_DYNAMIC_NO_PIC = NO;
				GCC_NO_COMMON_BLOCKS = YES;
				GCC_OPTIMIZATION_LEVEL = 0;
				GCC_PREPROCESSOR_DEFINITIONS = (
					"DEBUG=1",
					"$(inherited)",
				);
				GCC_WARN_64_TO_32_BIT_CONVERSION = YES;
				GCC_WARN_ABOUT_RETURN_TYPE = YES_ERROR;
				GCC_WARN_UNDECLARED_SELECTOR = YES;
				GCC_WARN_UNINITIALIZED_AUTOS = YES_AGGRESSIVE;
				GCC_WARN_UNUSED_FUNCTION = YES;
				GCC_WARN_UNUSED_VARIABLE = YES;
				IPHONEOS_DEPLOYMENT_TARGET = 13.0;
				MTL_ENABLE_DEBUG_INFO = INCLUDE_SOURCE;
				MTL_FAST_MATH = YES;
				ONLY_ACTIVE_ARCH = YES;
				SDKROOT = iphoneos;
				SWIFT_ACTIVE_COMPILATION_CONDITIONS = DEBUG;
				SWIFT_OPTIMIZATION_LEVEL = "-Onone";
			};
			name = Debug;
		};
		81797AB323747E530043DCD4 /* Release */ = {
			isa = XCBuildConfiguration;
			buildSettings = {
				ALWAYS_SEARCH_USER_PATHS = NO;
				CLANG_ANALYZER_NONNULL = YES;
				CLANG_ANALYZER_NUMBER_OBJECT_CONVERSION = YES_AGGRESSIVE;
				CLANG_CXX_LANGUAGE_STANDARD = "gnu++14";
				CLANG_CXX_LIBRARY = "libc++";
				CLANG_ENABLE_MODULES = YES;
				CLANG_ENABLE_OBJC_ARC = YES;
				CLANG_ENABLE_OBJC_WEAK = YES;
				CLANG_WARN_BLOCK_CAPTURE_AUTORELEASING = YES;
				CLANG_WARN_BOOL_CONVERSION = YES;
				CLANG_WARN_COMMA = YES;
				CLANG_WARN_CONSTANT_CONVERSION = YES;
				CLANG_WARN_DEPRECATED_OBJC_IMPLEMENTATIONS = YES;
				CLANG_WARN_DIRECT_OBJC_ISA_USAGE = YES_ERROR;
				CLANG_WARN_DOCUMENTATION_COMMENTS = YES;
				CLANG_WARN_EMPTY_BODY = YES;
				CLANG_WARN_ENUM_CONVERSION = YES;
				CLANG_WARN_INFINITE_RECURSION = YES;
				CLANG_WARN_INT_CONVERSION = YES;
				CLANG_WARN_NON_LITERAL_NULL_CONVERSION = YES;
				CLANG_WARN_OBJC_IMPLICIT_RETAIN_SELF = YES;
				CLANG_WARN_OBJC_LITERAL_CONVERSION = YES;
				CLANG_WARN_OBJC_ROOT_CLASS = YES_ERROR;
				CLANG_WARN_RANGE_LOOP_ANALYSIS = YES;
				CLANG_WARN_STRICT_PROTOTYPES = YES;
				CLANG_WARN_SUSPICIOUS_MOVE = YES;
				CLANG_WARN_UNGUARDED_AVAILABILITY = YES_AGGRESSIVE;
				CLANG_WARN_UNREACHABLE_CODE = YES;
				CLANG_WARN__DUPLICATE_METHOD_MATCH = YES;
				COPY_PHASE_STRIP = NO;
				DEBUG_INFORMATION_FORMAT = "dwarf-with-dsym";
				ENABLE_NS_ASSERTIONS = NO;
				ENABLE_STRICT_OBJC_MSGSEND = YES;
				GCC_C_LANGUAGE_STANDARD = gnu11;
				GCC_NO_COMMON_BLOCKS = YES;
				GCC_WARN_64_TO_32_BIT_CONVERSION = YES;
				GCC_WARN_ABOUT_RETURN_TYPE = YES_ERROR;
				GCC_WARN_UNDECLARED_SELECTOR = YES;
				GCC_WARN_UNINITIALIZED_AUTOS = YES_AGGRESSIVE;
				GCC_WARN_UNUSED_FUNCTION = YES;
				GCC_WARN_UNUSED_VARIABLE = YES;
				IPHONEOS_DEPLOYMENT_TARGET = 13.0;
				MTL_ENABLE_DEBUG_INFO = NO;
				MTL_FAST_MATH = YES;
				SDKROOT = iphoneos;
				SWIFT_COMPILATION_MODE = wholemodule;
				SWIFT_OPTIMIZATION_LEVEL = "-O";
				VALIDATE_PRODUCT = YES;
			};
			name = Release;
		};
		81797AB523747E530043DCD4 /* Debug */ = {
			isa = XCBuildConfiguration;
			baseConfigurationReference = D3EB8C601AC130DFB2FFFDC7 /* Pods-FirebaseLesson2Iram.debug.xcconfig */;
			buildSettings = {
				ASSETCATALOG_COMPILER_APPICON_NAME = AppIcon;
				CODE_SIGN_STYLE = Automatic;
				DEVELOPMENT_TEAM = V9HW99M5PX;
				INFOPLIST_FILE = FirebaseLesson2Iram/Info.plist;
				LD_RUNPATH_SEARCH_PATHS = (
					"$(inherited)",
					"@executable_path/Frameworks",
				);
				PRODUCT_BUNDLE_IDENTIFIER = Iram.FirebaseLesson2Iram;
				PRODUCT_NAME = "$(TARGET_NAME)";
				SWIFT_VERSION = 5.0;
				TARGETED_DEVICE_FAMILY = "1,2";
			};
			name = Debug;
		};
		81797AB623747E530043DCD4 /* Release */ = {
			isa = XCBuildConfiguration;
			baseConfigurationReference = BE16759D71A92405DACB094C /* Pods-FirebaseLesson2Iram.release.xcconfig */;
			buildSettings = {
				ASSETCATALOG_COMPILER_APPICON_NAME = AppIcon;
				CODE_SIGN_STYLE = Automatic;
				DEVELOPMENT_TEAM = V9HW99M5PX;
				INFOPLIST_FILE = FirebaseLesson2Iram/Info.plist;
				LD_RUNPATH_SEARCH_PATHS = (
					"$(inherited)",
					"@executable_path/Frameworks",
				);
				PRODUCT_BUNDLE_IDENTIFIER = Iram.FirebaseLesson2Iram;
				PRODUCT_NAME = "$(TARGET_NAME)";
				SWIFT_VERSION = 5.0;
				TARGETED_DEVICE_FAMILY = "1,2";
			};
			name = Release;
		};
		81797AB823747E530043DCD4 /* Debug */ = {
			isa = XCBuildConfiguration;
			baseConfigurationReference = A6A9ADFA75BD193C5FB93F3B /* Pods-FirebaseLesson2IramTests.debug.xcconfig */;
			buildSettings = {
				ALWAYS_EMBED_SWIFT_STANDARD_LIBRARIES = YES;
				BUNDLE_LOADER = "$(TEST_HOST)";
				CODE_SIGN_STYLE = Automatic;
				DEVELOPMENT_TEAM = V9HW99M5PX;
				INFOPLIST_FILE = FirebaseLesson2IramTests/Info.plist;
				IPHONEOS_DEPLOYMENT_TARGET = 13.0;
				LD_RUNPATH_SEARCH_PATHS = (
					"$(inherited)",
					"@executable_path/Frameworks",
					"@loader_path/Frameworks",
				);
				PRODUCT_BUNDLE_IDENTIFIER = Iram.FirebaseLesson2IramTests;
				PRODUCT_NAME = "$(TARGET_NAME)";
				SWIFT_VERSION = 5.0;
				TARGETED_DEVICE_FAMILY = "1,2";
				TEST_HOST = "$(BUILT_PRODUCTS_DIR)/FirebaseLesson2Iram.app/FirebaseLesson2Iram";
			};
			name = Debug;
		};
		81797AB923747E530043DCD4 /* Release */ = {
			isa = XCBuildConfiguration;
			baseConfigurationReference = 7871A4AE8AAFD4C910AC1FA5 /* Pods-FirebaseLesson2IramTests.release.xcconfig */;
			buildSettings = {
				ALWAYS_EMBED_SWIFT_STANDARD_LIBRARIES = YES;
				BUNDLE_LOADER = "$(TEST_HOST)";
				CODE_SIGN_STYLE = Automatic;
				DEVELOPMENT_TEAM = V9HW99M5PX;
				INFOPLIST_FILE = FirebaseLesson2IramTests/Info.plist;
				IPHONEOS_DEPLOYMENT_TARGET = 13.0;
				LD_RUNPATH_SEARCH_PATHS = (
					"$(inherited)",
					"@executable_path/Frameworks",
					"@loader_path/Frameworks",
				);
				PRODUCT_BUNDLE_IDENTIFIER = Iram.FirebaseLesson2IramTests;
				PRODUCT_NAME = "$(TARGET_NAME)";
				SWIFT_VERSION = 5.0;
				TARGETED_DEVICE_FAMILY = "1,2";
				TEST_HOST = "$(BUILT_PRODUCTS_DIR)/FirebaseLesson2Iram.app/FirebaseLesson2Iram";
			};
			name = Release;
		};
/* End XCBuildConfiguration section */

/* Begin XCConfigurationList section */
		81797A9023747E510043DCD4 /* Build configuration list for PBXProject "FirebaseLesson2Iram" */ = {
			isa = XCConfigurationList;
			buildConfigurations = (
				81797AB223747E530043DCD4 /* Debug */,
				81797AB323747E530043DCD4 /* Release */,
			);
			defaultConfigurationIsVisible = 0;
			defaultConfigurationName = Release;
		};
		81797AB423747E530043DCD4 /* Build configuration list for PBXNativeTarget "FirebaseLesson2Iram" */ = {
			isa = XCConfigurationList;
			buildConfigurations = (
				81797AB523747E530043DCD4 /* Debug */,
				81797AB623747E530043DCD4 /* Release */,
			);
			defaultConfigurationIsVisible = 0;
			defaultConfigurationName = Release;
		};
		81797AB723747E530043DCD4 /* Build configuration list for PBXNativeTarget "FirebaseLesson2IramTests" */ = {
			isa = XCConfigurationList;
			buildConfigurations = (
				81797AB823747E530043DCD4 /* Debug */,
				81797AB923747E530043DCD4 /* Release */,
			);
			defaultConfigurationIsVisible = 0;
			defaultConfigurationName = Release;
		};
/* End XCConfigurationList section */
	};
	rootObject = 81797A8D23747E510043DCD4 /* Project object */;
}
